
Microsoft Visual Studio Solution File, Format Version 12.00
# Visual Studio Version 17
VisualStudioVersion = 17.5.002.0
MinimumVisualStudioVersion = 10.0.40219.1
Project("{9A19103F-16F7-4668-BE54-9A1E7A4F7556}") = "Calculator", "Calculator.csproj", "{FB19B831-ABE4-48C4-9DE8-BAF99F2917A4}"
EndProject
Global
	GlobalSection(SolutionConfigurationPlatforms) = preSolution
		Debug|Any CPU = Debug|Any CPU
		Release|Any CPU = Release|Any CPU
	EndGlobalSection
	GlobalSection(ProjectConfigurationPlatforms) = postSolution
		{FB19B831-ABE4-48C4-9DE8-BAF99F2917A4}.Debug|Any CPU.ActiveCfg = Debug|Any CPU
		{FB19B831-ABE4-48C4-9DE8-BAF99F2917A4}.Debug|Any CPU.Build.0 = Debug|Any CPU
		{FB19B831-ABE4-48C4-9DE8-BAF99F2917A4}.Release|Any CPU.ActiveCfg = Release|Any CPU
		{FB19B831-ABE4-48C4-9DE8-BAF99F2917A4}.Release|Any CPU.Build.0 = Release|Any CPU
	EndGlobalSection
	GlobalSection(SolutionProperties) = preSolution
		HideSolutionNode = FALSE
	EndGlobalSection
	GlobalSection(ExtensibilityGlobals) = postSolution
		SolutionGuid = {16B5E1BD-1968-4E25-9537-AF3AF9E5E82F}
	EndGlobalSection
EndGlobal
